
Microsoft Visual Studio Solution File, Format Version 12.00
# Visual Studio Version 17
VisualStudioVersion = 17.14.36109.1 d17.14
MinimumVisualStudioVersion = 10.0.40219.1
Project("{FAE04EC0-301F-11D3-BF4B-00C04F79EFBC}") = "EFMySQLExemplo", "EFMySQLExemplo\EFMySQLExemplo.csproj", "{88F082A6-061D-4C8E-8DA3-844BD692A361}"
EndProject
Global
	GlobalSection(SolutionConfigurationPlatforms) = preSolution
		Debug|Any CPU = Debug|Any CPU
		Release|Any CPU = Release|Any CPU
	EndGlobalSection
	GlobalSection(ProjectConfigurationPlatforms) = postSolution
		{88F082A6-061D-4C8E-8DA3-844BD692A361}.Debug|Any CPU.ActiveCfg = Debug|Any CPU
		{88F082A6-061D-4C8E-8DA3-844BD692A361}.Debug|Any CPU.Build.0 = Debug|Any CPU
		{88F082A6-061D-4C8E-8DA3-844BD692A361}.Release|Any CPU.ActiveCfg = Release|Any CPU
		{88F082A6-061D-4C8E-8DA3-844BD692A361}.Release|Any CPU.Build.0 = Release|Any CPU
	EndGlobalSection
	GlobalSection(SolutionProperties) = preSolution
		HideSolutionNode = FALSE
	EndGlobalSection
	GlobalSection(ExtensibilityGlobals) = postSolution
		SolutionGuid = {554E0CAA-A670-4F84-BF18-BACEBA76BDC9}
	EndGlobalSection
EndGlobal
